
Microsoft Visual Studio Solution File, Format Version 12.00
# Visual Studio 14
VisualStudioVersion = 14.0.23107.0
MinimumVisualStudioVersion = 10.0.40219.1
Project("{FAE04EC0-301F-11D3-BF4B-00C04F79EFBC}") = "Mohragan2019.Monastery.WebView", "Mohragan2019.Monastery.WebView\Mohragan2019.Monastery.WebView.csproj", "{866187D1-002E-4FBD-A8E0-95EC0E261AD0}"
EndProject
Project("{FAE04EC0-301F-11D3-BF4B-00C04F79EFBC}") = "Mohragan2019.Monastery.WebApi", "Mohragan2019.Monastery.WebApi\Mohragan2019.Monastery.WebApi.csproj", "{B3503F72-058B-4FC5-ABF3-AA04BB340992}"
EndProject
Global
	GlobalSection(SolutionConfigurationPlatforms) = preSolution
		Debug|Any CPU = Debug|Any CPU
		Release|Any CPU = Release|Any CPU
	EndGlobalSection
	GlobalSection(ProjectConfigurationPlatforms) = postSolution
		{866187D1-002E-4FBD-A8E0-95EC0E261AD0}.Debug|Any CPU.ActiveCfg = Debug|Any CPU
		{866187D1-002E-4FBD-A8E0-95EC0E261AD0}.Debug|Any CPU.Build.0 = Debug|Any CPU
		{866187D1-002E-4FBD-A8E0-95EC0E261AD0}.Release|Any CPU.ActiveCfg = Release|Any CPU
		{866187D1-002E-4FBD-A8E0-95EC0E261AD0}.Release|Any CPU.Build.0 = Release|Any CPU
		{B3503F72-058B-4FC5-ABF3-AA04BB340992}.Debug|Any CPU.ActiveCfg = Debug|Any CPU
		{B3503F72-058B-4FC5-ABF3-AA04BB340992}.Debug|Any CPU.Build.0 = Debug|Any CPU
		{B3503F72-058B-4FC5-ABF3-AA04BB340992}.Release|Any CPU.ActiveCfg = Release|Any CPU
		{B3503F72-058B-4FC5-ABF3-AA04BB340992}.Release|Any CPU.Build.0 = Release|Any CPU
	EndGlobalSection
	GlobalSection(SolutionProperties) = preSolution
		HideSolutionNode = FALSE
	EndGlobalSection
EndGlobal
